
Microsoft Visual Studio Solution File, Format Version 12.00
# Visual Studio Version 16
VisualStudioVersion = 16.0.32002.261
MinimumVisualStudioVersion = 10.0.40219.1
Project("{FAE04EC0-301F-11D3-BF4B-00C04F79EFBC}") = "SimulationWindowsApp", "SimulationWindowsApp\SimulationWindowsApp.csproj", "{2A516851-428C-4638-B4C5-011593C56D4E}"
EndProject
Global
	GlobalSection(SolutionConfigurationPlatforms) = preSolution
		Debug|Any CPU = Debug|Any CPU
		Release|Any CPU = Release|Any CPU
	EndGlobalSection
	GlobalSection(ProjectConfigurationPlatforms) = postSolution
		{2A516851-428C-4638-B4C5-011593C56D4E}.Debug|Any CPU.ActiveCfg = Debug|Any CPU
		{2A516851-428C-4638-B4C5-011593C56D4E}.Debug|Any CPU.Build.0 = Debug|Any CPU
		{2A516851-428C-4638-B4C5-011593C56D4E}.Release|Any CPU.ActiveCfg = Release|Any CPU
		{2A516851-428C-4638-B4C5-011593C56D4E}.Release|Any CPU.Build.0 = Release|Any CPU
	EndGlobalSection
	GlobalSection(SolutionProperties) = preSolution
		HideSolutionNode = FALSE
	EndGlobalSection
	GlobalSection(ExtensibilityGlobals) = postSolution
		SolutionGuid = {B8B2A884-FA10-43D7-8C39-87DD23FBEA5A}
	EndGlobalSection
EndGlobal
